
Microsoft Visual Studio Solution File, Format Version 12.00
# Visual Studio Version 16
VisualStudioVersion = 16.0.30330.147
MinimumVisualStudioVersion = 10.0.40219.1
Project("{FAE04EC0-301F-11D3-BF4B-00C04F79EFBC}") = "Branching", "Branching\Branching.csproj", "{59E32DD1-56E8-4DDD-B456-7FF58FACAB7A}"
EndProject
Global
	GlobalSection(SolutionConfigurationPlatforms) = preSolution
		Debug|Any CPU = Debug|Any CPU
		Release|Any CPU = Release|Any CPU
	EndGlobalSection
	GlobalSection(ProjectConfigurationPlatforms) = postSolution
		{59E32DD1-56E8-4DDD-B456-7FF58FACAB7A}.Debug|Any CPU.ActiveCfg = Debug|Any CPU
		{59E32DD1-56E8-4DDD-B456-7FF58FACAB7A}.Debug|Any CPU.Build.0 = Debug|Any CPU
		{59E32DD1-56E8-4DDD-B456-7FF58FACAB7A}.Release|Any CPU.ActiveCfg = Release|Any CPU
		{59E32DD1-56E8-4DDD-B456-7FF58FACAB7A}.Release|Any CPU.Build.0 = Release|Any CPU
	EndGlobalSection
	GlobalSection(SolutionProperties) = preSolution
		HideSolutionNode = FALSE
	EndGlobalSection
	GlobalSection(ExtensibilityGlobals) = postSolution
		SolutionGuid = {DD27DE24-84F5-4A4E-AF14-DC7BC9FEBD7B}
	EndGlobalSection
EndGlobal
