
Microsoft Visual Studio Solution File, Format Version 12.00
# Visual Studio Version 16
VisualStudioVersion = 16.0.30330.147
MinimumVisualStudioVersion = 10.0.40219.1
Project("{FAE04EC0-301F-11D3-BF4B-00C04F79EFBC}") = "TwentyOne", "TwentyOne\TwentyOne.csproj", "{2741B85E-E2B1-4C0A-B99B-39BA93B3F515}"
EndProject
Project("{FAE04EC0-301F-11D3-BF4B-00C04F79EFBC}") = "Casino", "Casino\Casino.csproj", "{A8C181C0-816A-41AB-AC2A-6F08C7E1CF59}"
EndProject
Global
	GlobalSection(SolutionConfigurationPlatforms) = preSolution
		Debug|Any CPU = Debug|Any CPU
		Release|Any CPU = Release|Any CPU
	EndGlobalSection
	GlobalSection(ProjectConfigurationPlatforms) = postSolution
		{2741B85E-E2B1-4C0A-B99B-39BA93B3F515}.Debug|Any CPU.ActiveCfg = Debug|Any CPU
		{2741B85E-E2B1-4C0A-B99B-39BA93B3F515}.Debug|Any CPU.Build.0 = Debug|Any CPU
		{2741B85E-E2B1-4C0A-B99B-39BA93B3F515}.Release|Any CPU.ActiveCfg = Release|Any CPU
		{2741B85E-E2B1-4C0A-B99B-39BA93B3F515}.Release|Any CPU.Build.0 = Release|Any CPU
		{A8C181C0-816A-41AB-AC2A-6F08C7E1CF59}.Debug|Any CPU.ActiveCfg = Debug|Any CPU
		{A8C181C0-816A-41AB-AC2A-6F08C7E1CF59}.Debug|Any CPU.Build.0 = Debug|Any CPU
		{A8C181C0-816A-41AB-AC2A-6F08C7E1CF59}.Release|Any CPU.ActiveCfg = Release|Any CPU
		{A8C181C0-816A-41AB-AC2A-6F08C7E1CF59}.Release|Any CPU.Build.0 = Release|Any CPU
	EndGlobalSection
	GlobalSection(SolutionProperties) = preSolution
		HideSolutionNode = FALSE
	EndGlobalSection
	GlobalSection(ExtensibilityGlobals) = postSolution
		SolutionGuid = {87CF7C1B-C67C-4F99-BC6F-D95B7B89C8C2}
	EndGlobalSection
EndGlobal
